
Microsoft Visual Studio Solution File, Format Version 12.00
# Visual Studio Version 17
VisualStudioVersion = 17.3.32929.385
MinimumVisualStudioVersion = 10.0.40219.1
Project("{FAE04EC0-301F-11D3-BF4B-00C04F79EFBC}") = "PipelineMidterm", "PipelineMidterm\PipelineMidterm.csproj", "{BFC1C0FF-73B4-467F-BD31-841FDC856E4A}"
EndProject
Global
	GlobalSection(SolutionConfigurationPlatforms) = preSolution
		Debug|Any CPU = Debug|Any CPU
		Release|Any CPU = Release|Any CPU
	EndGlobalSection
	GlobalSection(ProjectConfigurationPlatforms) = postSolution
		{BFC1C0FF-73B4-467F-BD31-841FDC856E4A}.Debug|Any CPU.ActiveCfg = Debug|Any CPU
		{BFC1C0FF-73B4-467F-BD31-841FDC856E4A}.Debug|Any CPU.Build.0 = Debug|Any CPU
		{BFC1C0FF-73B4-467F-BD31-841FDC856E4A}.Release|Any CPU.ActiveCfg = Release|Any CPU
		{BFC1C0FF-73B4-467F-BD31-841FDC856E4A}.Release|Any CPU.Build.0 = Release|Any CPU
	EndGlobalSection
	GlobalSection(SolutionProperties) = preSolution
		HideSolutionNode = FALSE
	EndGlobalSection
	GlobalSection(ExtensibilityGlobals) = postSolution
		SolutionGuid = {DA2EE7C5-695E-43B0-B20C-873CCAAE1F7E}
	EndGlobalSection
EndGlobal
